
Microsoft Visual Studio Solution File, Format Version 12.00
# Visual Studio 15
VisualStudioVersion = 15.0.28307.1321
MinimumVisualStudioVersion = 10.0.40219.1
Project("{FAE04EC0-301F-11D3-BF4B-00C04F79EFBC}") = "InternetProviderClient", "InternetProviderClient\InternetProviderClient.csproj", "{FE150F4E-97CB-4C02-8F16-11B3B6247DD3}"
EndProject
Project("{FAE04EC0-301F-11D3-BF4B-00C04F79EFBC}") = "Model", "DataBase\Model.csproj", "{6BCCD9E0-7197-48E3-B8A2-BEE6CBEE2DE2}"
EndProject
Project("{FAE04EC0-301F-11D3-BF4B-00C04F79EFBC}") = "Service", "Service\Service.csproj", "{20043B5F-64F2-4E37-9615-B02BC4178CDB}"
EndProject
Global
	GlobalSection(SolutionConfigurationPlatforms) = preSolution
		Debug|Any CPU = Debug|Any CPU
		Release|Any CPU = Release|Any CPU
	EndGlobalSection
	GlobalSection(ProjectConfigurationPlatforms) = postSolution
		{FE150F4E-97CB-4C02-8F16-11B3B6247DD3}.Debug|Any CPU.ActiveCfg = Debug|Any CPU
		{FE150F4E-97CB-4C02-8F16-11B3B6247DD3}.Debug|Any CPU.Build.0 = Debug|Any CPU
		{FE150F4E-97CB-4C02-8F16-11B3B6247DD3}.Release|Any CPU.ActiveCfg = Release|Any CPU
		{FE150F4E-97CB-4C02-8F16-11B3B6247DD3}.Release|Any CPU.Build.0 = Release|Any CPU
		{6BCCD9E0-7197-48E3-B8A2-BEE6CBEE2DE2}.Debug|Any CPU.ActiveCfg = Debug|Any CPU
		{6BCCD9E0-7197-48E3-B8A2-BEE6CBEE2DE2}.Debug|Any CPU.Build.0 = Debug|Any CPU
		{6BCCD9E0-7197-48E3-B8A2-BEE6CBEE2DE2}.Release|Any CPU.ActiveCfg = Release|Any CPU
		{6BCCD9E0-7197-48E3-B8A2-BEE6CBEE2DE2}.Release|Any CPU.Build.0 = Release|Any CPU
		{20043B5F-64F2-4E37-9615-B02BC4178CDB}.Debug|Any CPU.ActiveCfg = Debug|Any CPU
		{20043B5F-64F2-4E37-9615-B02BC4178CDB}.Debug|Any CPU.Build.0 = Debug|Any CPU
		{20043B5F-64F2-4E37-9615-B02BC4178CDB}.Release|Any CPU.ActiveCfg = Release|Any CPU
		{20043B5F-64F2-4E37-9615-B02BC4178CDB}.Release|Any CPU.Build.0 = Release|Any CPU
	EndGlobalSection
	GlobalSection(SolutionProperties) = preSolution
		HideSolutionNode = FALSE
	EndGlobalSection
	GlobalSection(ExtensibilityGlobals) = postSolution
		SolutionGuid = {35FF1372-4A38-4B33-8E70-25EF82A1CDF7}
	EndGlobalSection
EndGlobal
